<?xml version="1.0" encoding="utf-8"?>
<Project ToolsVersion="4.0" xmlns="http://schemas.microsoft.com/developer/msbuild/2003">
  <ItemGroup>
    <Filter Include="Source Files">
      <UniqueIdentifier>{4FC737F1-C7A5-4376-A066-2A32D752A2FF}</UniqueIdentifier>
      <Extensions>cpp;c;cc;cxx;def;odl;idl;hpj;bat;asm;asmx</Extensions>
    </Filter>
    <Filter Include="Header Files">
      <UniqueIdentifier>{93995380-89BD-4b04-88EB-625FBE52EBFB}</UniqueIdentifier>
      <Extensions>h;hpp;hxx;hm;inl;inc;xsd</Extensions>
    </Filter>
    <Filter Include="Protect">
      <UniqueIdentifier>{9969b2a9-05cc-42d7-86b3-9c3cce619bca}</UniqueIdentifier>
    </Filter>
  </ItemGroup>
  <ItemGroup>
    <ClCompile Include="File.cpp">
      <Filter>Source Files</Filter>
    </ClCompile>
    <ClCompile Include="xMenu.cpp">
      <Filter>Source Files</Filter>
    </ClCompile>
    <ClCompile Include="xSound.cpp">
      <Filter>Source Files</Filter>
    </ClCompile>
    <ClCompile Include="XStr.cpp">
      <Filter>Source Files</Filter>
    </ClCompile>
  </ItemGroup>
  <ItemGroup>
    <ClInclude Include="AutoCrot.h">
      <Filter>Header Files</Filter>
    </ClInclude>
    <ClInclude Include="cMenuCC.h">
      <Filter>Header Files</Filter>
    </ClInclude>
    <ClInclude Include="ColorByte.h">
      <Filter>Header Files</Filter>
    </ClInclude>
    <ClInclude Include="File.h">
      <Filter>Header Files</Filter>
    </ClInclude>
    <ClInclude Include="Hack.h">
      <Filter>Header Files</Filter>
    </ClInclude>
    <ClInclude Include="Logger.h">
      <Filter>Header Files</Filter>
    </ClInclude>
    <ClInclude Include="Sound.h">
      <Filter>Header Files</Filter>
    </ClInclude>
    <ClInclude Include="stdafx.h">
      <Filter>Header Files</Filter>
    </ClInclude>
    <ClInclude Include="Texture.h">
      <Filter>Header Files</Filter>
    </ClInclude>
    <ClInclude Include="xMenu.h">
      <Filter>Header Files</Filter>
    </ClInclude>
    <ClInclude Include="xSound.h">
      <Filter>Header Files</Filter>
    </ClInclude>
    <ClInclude Include="TrialProtect.h">
      <Filter>Protect</Filter>
    </ClInclude>
  </ItemGroup>
</Project>